
Microsoft Visual Studio Solution File, Format Version 12.00
# Visual Studio 15
VisualStudioVersion = 15.0.27703.2026
MinimumVisualStudioVersion = 10.0.40219.1
Project("{FAE04EC0-301F-11D3-BF4B-00C04F79EFBC}") = "MusicLog", "MusicLog\MusicLog.csproj", "{07498913-DE97-4575-8AC5-7F4D4CFCB8E4}"
EndProject
Project("{FAE04EC0-301F-11D3-BF4B-00C04F79EFBC}") = "MusicLogWPF", "MusicLogWPF\MusicLogWPF.csproj", "{D9D5AE34-65BD-4818-B5A6-9D7EBBC0DD87}"
EndProject
Global
	GlobalSection(SolutionConfigurationPlatforms) = preSolution
		Debug|Any CPU = Debug|Any CPU
		Release|Any CPU = Release|Any CPU
	EndGlobalSection
	GlobalSection(ProjectConfigurationPlatforms) = postSolution
		{07498913-DE97-4575-8AC5-7F4D4CFCB8E4}.Debug|Any CPU.ActiveCfg = Debug|Any CPU
		{07498913-DE97-4575-8AC5-7F4D4CFCB8E4}.Debug|Any CPU.Build.0 = Debug|Any CPU
		{07498913-DE97-4575-8AC5-7F4D4CFCB8E4}.Release|Any CPU.ActiveCfg = Release|Any CPU
		{07498913-DE97-4575-8AC5-7F4D4CFCB8E4}.Release|Any CPU.Build.0 = Release|Any CPU
		{D9D5AE34-65BD-4818-B5A6-9D7EBBC0DD87}.Debug|Any CPU.ActiveCfg = Debug|Any CPU
		{D9D5AE34-65BD-4818-B5A6-9D7EBBC0DD87}.Debug|Any CPU.Build.0 = Debug|Any CPU
		{D9D5AE34-65BD-4818-B5A6-9D7EBBC0DD87}.Release|Any CPU.ActiveCfg = Release|Any CPU
		{D9D5AE34-65BD-4818-B5A6-9D7EBBC0DD87}.Release|Any CPU.Build.0 = Release|Any CPU
	EndGlobalSection
	GlobalSection(SolutionProperties) = preSolution
		HideSolutionNode = FALSE
	EndGlobalSection
	GlobalSection(ExtensibilityGlobals) = postSolution
		SolutionGuid = {E5EFC33C-203F-4932-84DB-4DBD10B5741C}
	EndGlobalSection
EndGlobal
